
Microsoft Visual Studio Solution File, Format Version 12.00
# Visual Studio 15
VisualStudioVersion = 15.0.27428.2002
MinimumVisualStudioVersion = 10.0.40219.1
Project("{FAE04EC0-301F-11D3-BF4B-00C04F79EFBC}") = "HomeBookshelf.Web", "HomeBookshelf.Web\HomeBookshelf.Web.csproj", "{89E07C13-D624-4F91-8986-A04BE0624654}"
EndProject
Project("{FAE04EC0-301F-11D3-BF4B-00C04F79EFBC}") = "HomeBookshelf.Data", "HomeBookshelf.Data\HomeBookshelf.Data.csproj", "{C635D9D4-FEF2-442D-B422-E3AB18B95479}"
EndProject
Project("{2150E333-8FDC-42A3-9474-1A3956D46DE8}") = "Solution Items", "Solution Items", "{D727E7EB-AA65-4BA8-BBC2-121BDAB87897}"
	ProjectSection(SolutionItems) = preProject
		.gitignore = .gitignore
		CreateTables.sql = CreateTables.sql
	EndProjectSection
EndProject
Global
	GlobalSection(SolutionConfigurationPlatforms) = preSolution
		Debug|Any CPU = Debug|Any CPU
		Release|Any CPU = Release|Any CPU
	EndGlobalSection
	GlobalSection(ProjectConfigurationPlatforms) = postSolution
		{89E07C13-D624-4F91-8986-A04BE0624654}.Debug|Any CPU.ActiveCfg = Debug|Any CPU
		{89E07C13-D624-4F91-8986-A04BE0624654}.Debug|Any CPU.Build.0 = Debug|Any CPU
		{89E07C13-D624-4F91-8986-A04BE0624654}.Release|Any CPU.ActiveCfg = Release|Any CPU
		{89E07C13-D624-4F91-8986-A04BE0624654}.Release|Any CPU.Build.0 = Release|Any CPU
		{C635D9D4-FEF2-442D-B422-E3AB18B95479}.Debug|Any CPU.ActiveCfg = Debug|Any CPU
		{C635D9D4-FEF2-442D-B422-E3AB18B95479}.Debug|Any CPU.Build.0 = Debug|Any CPU
		{C635D9D4-FEF2-442D-B422-E3AB18B95479}.Release|Any CPU.ActiveCfg = Release|Any CPU
		{C635D9D4-FEF2-442D-B422-E3AB18B95479}.Release|Any CPU.Build.0 = Release|Any CPU
	EndGlobalSection
	GlobalSection(SolutionProperties) = preSolution
		HideSolutionNode = FALSE
	EndGlobalSection
	GlobalSection(ExtensibilityGlobals) = postSolution
		SolutionGuid = {4685C57C-92B5-4FA5-9FEA-72A495044451}
	EndGlobalSection
EndGlobal
